
Microsoft Visual Studio Solution File, Format Version 12.00
# Visual Studio 14
VisualStudioVersion = 14.0.24720.0
MinimumVisualStudioVersion = 10.0.40219.1
Project("{FAE04EC0-301F-11D3-BF4B-00C04F79EFBC}") = "WPMGUI", "WPMGUI\WPMGUI.csproj", "{10F5765D-A5DC-4754-AAF5-531254C6EEAB}"
EndProject
Project("{FAE04EC0-301F-11D3-BF4B-00C04F79EFBC}") = "WillPlusManager", "WillPlusManager\WillPlusManager.csproj", "{7823932D-C512-4497-8ECF-DBD3301A0BBE}"
EndProject
Global
	GlobalSection(SolutionConfigurationPlatforms) = preSolution
		Debug|Any CPU = Debug|Any CPU
		Release|Any CPU = Release|Any CPU
	EndGlobalSection
	GlobalSection(ProjectConfigurationPlatforms) = postSolution
		{10F5765D-A5DC-4754-AAF5-531254C6EEAB}.Debug|Any CPU.ActiveCfg = Debug|Any CPU
		{10F5765D-A5DC-4754-AAF5-531254C6EEAB}.Debug|Any CPU.Build.0 = Debug|Any CPU
		{10F5765D-A5DC-4754-AAF5-531254C6EEAB}.Release|Any CPU.ActiveCfg = Release|Any CPU
		{10F5765D-A5DC-4754-AAF5-531254C6EEAB}.Release|Any CPU.Build.0 = Release|Any CPU
		{7823932D-C512-4497-8ECF-DBD3301A0BBE}.Debug|Any CPU.ActiveCfg = Debug|Any CPU
		{7823932D-C512-4497-8ECF-DBD3301A0BBE}.Debug|Any CPU.Build.0 = Debug|Any CPU
		{7823932D-C512-4497-8ECF-DBD3301A0BBE}.Release|Any CPU.ActiveCfg = Release|Any CPU
		{7823932D-C512-4497-8ECF-DBD3301A0BBE}.Release|Any CPU.Build.0 = Release|Any CPU
	EndGlobalSection
	GlobalSection(SolutionProperties) = preSolution
		HideSolutionNode = FALSE
	EndGlobalSection
EndGlobal
